
Microsoft Visual Studio Solution File, Format Version 12.00
# Visual Studio Version 16
VisualStudioVersion = 16.0.31229.75
MinimumVisualStudioVersion = 10.0.40219.1
Project("{9A19103F-16F7-4668-BE54-9A1E7A4F7556}") = "DNELms", "DNELms\DNELms.csproj", "{399037E5-D420-414E-BCCA-BB93A475543C}"
EndProject
Project("{9A19103F-16F7-4668-BE54-9A1E7A4F7556}") = "DNELms.BAL", "DNELms.BAL\DNELms.BAL.csproj", "{A1207C46-15C3-4FA7-B66A-A1584A19DD5E}"
EndProject
Project("{9A19103F-16F7-4668-BE54-9A1E7A4F7556}") = "DNELms.Dapper", "DNELms.Dapper\DNELms.Dapper.csproj", "{CD06071D-7E9A-461C-8D96-E58151012750}"
EndProject
Project("{9A19103F-16F7-4668-BE54-9A1E7A4F7556}") = "DNELms.DBContexts", "DNELms.DBContexts\DNELms.DBContexts.csproj", "{C5A4955E-00AC-4169-9BFC-7262421ED16B}"
EndProject
Project("{9A19103F-16F7-4668-BE54-9A1E7A4F7556}") = "DNELms.Keys", "DNELms.Keys\DNELms.Keys.csproj", "{31962927-AAFB-44AD-9AC0-7EA7A1292AFC}"
EndProject
Project("{9A19103F-16F7-4668-BE54-9A1E7A4F7556}") = "DNELms.Models", "DNELms.Models\DNELms.Models.csproj", "{1AA86E81-4E2D-4574-A26C-D41E4B60FD9F}"
EndProject
Project("{9A19103F-16F7-4668-BE54-9A1E7A4F7556}") = "DNELms.ModelMapper", "DNELms.ModelMapper\DNELms.ModelMapper.csproj", "{2BB65EC0-8747-4237-8950-8A9B95508AAD}"
EndProject
Project("{9A19103F-16F7-4668-BE54-9A1E7A4F7556}") = "DNELms.WebFramework", "DNELms.WebFramework\DNELms.WebFramework.csproj", "{D7A48C64-D603-4EDE-AC57-0161C0FD8E5E}"
EndProject
Project("{9A19103F-16F7-4668-BE54-9A1E7A4F7556}") = "DNELms.Services", "DNELms.Services\DNELms.Services.csproj", "{AD499365-FD93-4668-A0AC-655660AE4F17}"
EndProject
Project("{9A19103F-16F7-4668-BE54-9A1E7A4F7556}") = "DNELms.Core", "DNELms.Core\DNELms.Core.csproj", "{A5C3BB76-378E-417E-A04C-54AD3757CBFE}"
EndProject
Project("{FAE04EC0-301F-11D3-BF4B-00C04F79EFBC}") = "DNELms.DataRepository", "DNELms.DataRepository\DNELms.DataRepository.csproj", "{F112AE9C-DE1D-4D8E-9BC6-1CDD0D185B1E}"
EndProject
Global
	GlobalSection(SolutionConfigurationPlatforms) = preSolution
		Debug|Any CPU = Debug|Any CPU
		Release|Any CPU = Release|Any CPU
	EndGlobalSection
	GlobalSection(ProjectConfigurationPlatforms) = postSolution
		{399037E5-D420-414E-BCCA-BB93A475543C}.Debug|Any CPU.ActiveCfg = Debug|Any CPU
		{399037E5-D420-414E-BCCA-BB93A475543C}.Debug|Any CPU.Build.0 = Debug|Any CPU
		{399037E5-D420-414E-BCCA-BB93A475543C}.Release|Any CPU.ActiveCfg = Release|Any CPU
		{399037E5-D420-414E-BCCA-BB93A475543C}.Release|Any CPU.Build.0 = Release|Any CPU
		{A1207C46-15C3-4FA7-B66A-A1584A19DD5E}.Debug|Any CPU.ActiveCfg = Debug|Any CPU
		{A1207C46-15C3-4FA7-B66A-A1584A19DD5E}.Debug|Any CPU.Build.0 = Debug|Any CPU
		{A1207C46-15C3-4FA7-B66A-A1584A19DD5E}.Release|Any CPU.ActiveCfg = Release|Any CPU
		{A1207C46-15C3-4FA7-B66A-A1584A19DD5E}.Release|Any CPU.Build.0 = Release|Any CPU
		{CD06071D-7E9A-461C-8D96-E58151012750}.Debug|Any CPU.ActiveCfg = Debug|Any CPU
		{CD06071D-7E9A-461C-8D96-E58151012750}.Debug|Any CPU.Build.0 = Debug|Any CPU
		{CD06071D-7E9A-461C-8D96-E58151012750}.Release|Any CPU.ActiveCfg = Release|Any CPU
		{CD06071D-7E9A-461C-8D96-E58151012750}.Release|Any CPU.Build.0 = Release|Any CPU
		{C5A4955E-00AC-4169-9BFC-7262421ED16B}.Debug|Any CPU.ActiveCfg = Debug|Any CPU
		{C5A4955E-00AC-4169-9BFC-7262421ED16B}.Debug|Any CPU.Build.0 = Debug|Any CPU
		{C5A4955E-00AC-4169-9BFC-7262421ED16B}.Release|Any CPU.ActiveCfg = Release|Any CPU
		{C5A4955E-00AC-4169-9BFC-7262421ED16B}.Release|Any CPU.Build.0 = Release|Any CPU
		{31962927-AAFB-44AD-9AC0-7EA7A1292AFC}.Debug|Any CPU.ActiveCfg = Debug|Any CPU
		{31962927-AAFB-44AD-9AC0-7EA7A1292AFC}.Debug|Any CPU.Build.0 = Debug|Any CPU
		{31962927-AAFB-44AD-9AC0-7EA7A1292AFC}.Release|Any CPU.ActiveCfg = Release|Any CPU
		{31962927-AAFB-44AD-9AC0-7EA7A1292AFC}.Release|Any CPU.Build.0 = Release|Any CPU
		{1AA86E81-4E2D-4574-A26C-D41E4B60FD9F}.Debug|Any CPU.ActiveCfg = Debug|Any CPU
		{1AA86E81-4E2D-4574-A26C-D41E4B60FD9F}.Debug|Any CPU.Build.0 = Debug|Any CPU
		{1AA86E81-4E2D-4574-A26C-D41E4B60FD9F}.Release|Any CPU.ActiveCfg = Release|Any CPU
		{1AA86E81-4E2D-4574-A26C-D41E4B60FD9F}.Release|Any CPU.Build.0 = Release|Any CPU
		{2BB65EC0-8747-4237-8950-8A9B95508AAD}.Debug|Any CPU.ActiveCfg = Debug|Any CPU
		{2BB65EC0-8747-4237-8950-8A9B95508AAD}.Debug|Any CPU.Build.0 = Debug|Any CPU
		{2BB65EC0-8747-4237-8950-8A9B95508AAD}.Release|Any CPU.ActiveCfg = Release|Any CPU
		{2BB65EC0-8747-4237-8950-8A9B95508AAD}.Release|Any CPU.Build.0 = Release|Any CPU
		{D7A48C64-D603-4EDE-AC57-0161C0FD8E5E}.Debug|Any CPU.ActiveCfg = Debug|Any CPU
		{D7A48C64-D603-4EDE-AC57-0161C0FD8E5E}.Debug|Any CPU.Build.0 = Debug|Any CPU
		{D7A48C64-D603-4EDE-AC57-0161C0FD8E5E}.Release|Any CPU.ActiveCfg = Release|Any CPU
		{D7A48C64-D603-4EDE-AC57-0161C0FD8E5E}.Release|Any CPU.Build.0 = Release|Any CPU
		{AD499365-FD93-4668-A0AC-655660AE4F17}.Debug|Any CPU.ActiveCfg = Debug|Any CPU
		{AD499365-FD93-4668-A0AC-655660AE4F17}.Debug|Any CPU.Build.0 = Debug|Any CPU
		{AD499365-FD93-4668-A0AC-655660AE4F17}.Release|Any CPU.ActiveCfg = Release|Any CPU
		{AD499365-FD93-4668-A0AC-655660AE4F17}.Release|Any CPU.Build.0 = Release|Any CPU
		{A5C3BB76-378E-417E-A04C-54AD3757CBFE}.Debug|Any CPU.ActiveCfg = Debug|Any CPU
		{A5C3BB76-378E-417E-A04C-54AD3757CBFE}.Debug|Any CPU.Build.0 = Debug|Any CPU
		{A5C3BB76-378E-417E-A04C-54AD3757CBFE}.Release|Any CPU.ActiveCfg = Release|Any CPU
		{A5C3BB76-378E-417E-A04C-54AD3757CBFE}.Release|Any CPU.Build.0 = Release|Any CPU
		{F112AE9C-DE1D-4D8E-9BC6-1CDD0D185B1E}.Debug|Any CPU.ActiveCfg = Debug|Any CPU
		{F112AE9C-DE1D-4D8E-9BC6-1CDD0D185B1E}.Debug|Any CPU.Build.0 = Debug|Any CPU
		{F112AE9C-DE1D-4D8E-9BC6-1CDD0D185B1E}.Release|Any CPU.ActiveCfg = Release|Any CPU
		{F112AE9C-DE1D-4D8E-9BC6-1CDD0D185B1E}.Release|Any CPU.Build.0 = Release|Any CPU
	EndGlobalSection
	GlobalSection(SolutionProperties) = preSolution
		HideSolutionNode = FALSE
	EndGlobalSection
	GlobalSection(ExtensibilityGlobals) = postSolution
		SolutionGuid = {B14EA3B1-2D7F-4F37-A0DC-4F26D7E77DA8}
	EndGlobalSection
EndGlobal
